
Microsoft Visual Studio Solution File, Format Version 12.00
# Visual Studio 14
VisualStudioVersion = 14.0.23107.0
MinimumVisualStudioVersion = 10.0.40219.1
Project("{FAE04EC0-301F-11D3-BF4B-00C04F79EFBC}") = "CgmApk.Api", "CgmApk.Api\CgmApk.Api.csproj", "{0DD68290-3E20-480A-9B89-E946144D25AB}"
EndProject
Global
	GlobalSection(SolutionConfigurationPlatforms) = preSolution
		Debug|Any CPU = Debug|Any CPU
		Release|Any CPU = Release|Any CPU
	EndGlobalSection
	GlobalSection(ProjectConfigurationPlatforms) = postSolution
		{0DD68290-3E20-480A-9B89-E946144D25AB}.Debug|Any CPU.ActiveCfg = Debug|Any CPU
		{0DD68290-3E20-480A-9B89-E946144D25AB}.Debug|Any CPU.Build.0 = Debug|Any CPU
		{0DD68290-3E20-480A-9B89-E946144D25AB}.Release|Any CPU.ActiveCfg = Release|Any CPU
		{0DD68290-3E20-480A-9B89-E946144D25AB}.Release|Any CPU.Build.0 = Release|Any CPU
	EndGlobalSection
	GlobalSection(SolutionProperties) = preSolution
		HideSolutionNode = FALSE
	EndGlobalSection
EndGlobal
